
Microsoft Visual Studio Solution File, Format Version 12.00
# Visual Studio Version 17
VisualStudioVersion = 17.14.37516.0
MinimumVisualStudioVersion = 10.0.40219.1
Project("{FAE04EC0-301F-11D3-BF4B-00C04F79EFBC}") = "GenerarPaquetesPage", "GenerarPaquetes\GenerarPaquetesPage.csproj", "{7EE4083F-374A-4AD0-A354-61DE3823D037}"
EndProject
Project("{FAE04EC0-301F-11D3-BF4B-00C04F79EFBC}") = "GenerarPaquetes.Entities", "GenerarPaquetes.Entities\GenerarPaquetes.Entities.csproj", "{63BC5F95-A709-4D38-BC96-3BDC30219F97}"
EndProject
Project("{FAE04EC0-301F-11D3-BF4B-00C04F79EFBC}") = "GenerarPaquetes.DAO", "GenerarPaquetes.DAO\GenerarPaquetes.DAO.csproj", "{A43BB688-8989-41E7-A00E-0CBDC08A5AF0}"
EndProject
Project("{FAE04EC0-301F-11D3-BF4B-00C04F79EFBC}") = "GenerarPaquetes.Business", "GenerarPaquetes.Business\GenerarPaquetes.Business.csproj", "{6C118776-01B3-4E72-A50D-2B6F66FF8A12}"
	ProjectSection(ProjectDependencies) = postProject
		{63BC5F95-A709-4D38-BC96-3BDC30219F97} = {63BC5F95-A709-4D38-BC96-3BDC30219F97}
		{7EE4083F-374A-4AD0-A354-61DE3823D037} = {7EE4083F-374A-4AD0-A354-61DE3823D037}
		{A43BB688-8989-41E7-A00E-0CBDC08A5AF0} = {A43BB688-8989-41E7-A00E-0CBDC08A5AF0}
	EndProjectSection
EndProject
Global
	GlobalSection(SolutionConfigurationPlatforms) = preSolution
		Debug|Any CPU = Debug|Any CPU
		Release|Any CPU = Release|Any CPU
	EndGlobalSection
	GlobalSection(ProjectConfigurationPlatforms) = postSolution
		{7EE4083F-374A-4AD0-A354-61DE3823D037}.Debug|Any CPU.ActiveCfg = Debug|Any CPU
		{7EE4083F-374A-4AD0-A354-61DE3823D037}.Debug|Any CPU.Build.0 = Debug|Any CPU
		{7EE4083F-374A-4AD0-A354-61DE3823D037}.Release|Any CPU.ActiveCfg = Release|Any CPU
		{7EE4083F-374A-4AD0-A354-61DE3823D037}.Release|Any CPU.Build.0 = Release|Any CPU
		{63BC5F95-A709-4D38-BC96-3BDC30219F97}.Debug|Any CPU.ActiveCfg = Debug|Any CPU
		{63BC5F95-A709-4D38-BC96-3BDC30219F97}.Debug|Any CPU.Build.0 = Debug|Any CPU
		{63BC5F95-A709-4D38-BC96-3BDC30219F97}.Release|Any CPU.ActiveCfg = Release|Any CPU
		{63BC5F95-A709-4D38-BC96-3BDC30219F97}.Release|Any CPU.Build.0 = Release|Any CPU
		{A43BB688-8989-41E7-A00E-0CBDC08A5AF0}.Debug|Any CPU.ActiveCfg = Debug|Any CPU
		{A43BB688-8989-41E7-A00E-0CBDC08A5AF0}.Debug|Any CPU.Build.0 = Debug|Any CPU
		{A43BB688-8989-41E7-A00E-0CBDC08A5AF0}.Release|Any CPU.ActiveCfg = Release|Any CPU
		{A43BB688-8989-41E7-A00E-0CBDC08A5AF0}.Release|Any CPU.Build.0 = Release|Any CPU
		{6C118776-01B3-4E72-A50D-2B6F66FF8A12}.Debug|Any CPU.ActiveCfg = Debug|Any CPU
		{6C118776-01B3-4E72-A50D-2B6F66FF8A12}.Debug|Any CPU.Build.0 = Debug|Any CPU
		{6C118776-01B3-4E72-A50D-2B6F66FF8A12}.Release|Any CPU.ActiveCfg = Release|Any CPU
		{6C118776-01B3-4E72-A50D-2B6F66FF8A12}.Release|Any CPU.Build.0 = Release|Any CPU
	EndGlobalSection
	GlobalSection(SolutionProperties) = preSolution
		HideSolutionNode = FALSE
	EndGlobalSection
	GlobalSection(ExtensibilityGlobals) = postSolution
		SolutionGuid = {DD3E7551-2F5C-45CF-8844-73D1252AADCA}
	EndGlobalSection
EndGlobal
